
Microsoft Visual Studio Solution File, Format Version 12.00
# Visual Studio Version 17
VisualStudioVersion = 17.9.34728.123
MinimumVisualStudioVersion = 10.0.40219.1
Project("{9A19103F-16F7-4668-BE54-9A1E7A4F7556}") = "DeckAssembly", "DeckAssembly\DeckAssembly.csproj", "{5E24B95C-E765-4426-B9E3-5E6501FC8E92}"
EndProject
Global
	GlobalSection(SolutionConfigurationPlatforms) = preSolution
		Debug|Any CPU = Debug|Any CPU
		Release|Any CPU = Release|Any CPU
	EndGlobalSection
	GlobalSection(ProjectConfigurationPlatforms) = postSolution
		{5E24B95C-E765-4426-B9E3-5E6501FC8E92}.Debug|Any CPU.ActiveCfg = Debug|Any CPU
		{5E24B95C-E765-4426-B9E3-5E6501FC8E92}.Debug|Any CPU.Build.0 = Debug|Any CPU
		{5E24B95C-E765-4426-B9E3-5E6501FC8E92}.Release|Any CPU.ActiveCfg = Release|Any CPU
		{5E24B95C-E765-4426-B9E3-5E6501FC8E92}.Release|Any CPU.Build.0 = Release|Any CPU
	EndGlobalSection
	GlobalSection(SolutionProperties) = preSolution
		HideSolutionNode = FALSE
	EndGlobalSection
	GlobalSection(ExtensibilityGlobals) = postSolution
		SolutionGuid = {61601BB8-EAF1-48C0-A443-1154B21FFB7F}
	EndGlobalSection
EndGlobal
